
Microsoft Visual Studio Solution File, Format Version 12.00
# Visual Studio Version 17
VisualStudioVersion = 17.5.002.0
MinimumVisualStudioVersion = 10.0.40219.1
Project("{9A19103F-16F7-4668-BE54-9A1E7A4F7556}") = "ATMManagementApplication", "ATMManagementApplication.csproj", "{6E0B085F-D872-462E-B979-570D14D067FC}"
EndProject
Global
	GlobalSection(SolutionConfigurationPlatforms) = preSolution
		Debug|Any CPU = Debug|Any CPU
		Release|Any CPU = Release|Any CPU
	EndGlobalSection
	GlobalSection(ProjectConfigurationPlatforms) = postSolution
		{6E0B085F-D872-462E-B979-570D14D067FC}.Debug|Any CPU.ActiveCfg = Debug|Any CPU
		{6E0B085F-D872-462E-B979-570D14D067FC}.Debug|Any CPU.Build.0 = Debug|Any CPU
		{6E0B085F-D872-462E-B979-570D14D067FC}.Release|Any CPU.ActiveCfg = Release|Any CPU
		{6E0B085F-D872-462E-B979-570D14D067FC}.Release|Any CPU.Build.0 = Release|Any CPU
	EndGlobalSection
	GlobalSection(SolutionProperties) = preSolution
		HideSolutionNode = FALSE
	EndGlobalSection
	GlobalSection(ExtensibilityGlobals) = postSolution
		SolutionGuid = {D662C809-39FE-4808-B0E9-0179DFF48CF7}
	EndGlobalSection
EndGlobal
